<?xml version="1.0" encoding="utf-8"?>
<Project ToolsVersion="4.0" xmlns="http://schemas.microsoft.com/developer/msbuild/2003">
  <ItemGroup>
    <Filter Include="core">
      <UniqueIdentifier>{4E40957C-3A77-960D-E363-7C10CF79120F}</UniqueIdentifier>
    </Filter>
    <Filter Include="logger">
      <UniqueIdentifier>{4507DF0B-31A9-09E2-1A64-1D3606A59032}</UniqueIdentifier>
    </Filter>
    <Filter Include="renderer">
      <UniqueIdentifier>{9C6AA017-8837-FB22-B150-E9CA9D7C30B1}</UniqueIdentifier>
    </Filter>
    <Filter Include="window">
      <UniqueIdentifier>{5DFE1E25-49A0-49FB-325B-5D4F1E9CD04B}</UniqueIdentifier>
    </Filter>
  </ItemGroup>
  <ItemGroup>
    <ClInclude Include="source\logger\logger.h">
      <Filter>logger</Filter>
    </ClInclude>
    <ClInclude Include="source\pch.hpp" />
    <ClInclude Include="source\renderer\vulkan_renderer.hpp">
      <Filter>renderer</Filter>
    </ClInclude>
    <ClInclude Include="source\window\window.hpp">
      <Filter>window</Filter>
    </ClInclude>
  </ItemGroup>
  <ItemGroup>
    <ClCompile Include="source\core\main.cpp">
      <Filter>core</Filter>
    </ClCompile>
    <ClCompile Include="source\logger\logger.cpp">
      <Filter>logger</Filter>
    </ClCompile>
    <ClCompile Include="source\pch.cpp" />
    <ClCompile Include="source\renderer\vulkan_renderer.cpp">
      <Filter>renderer</Filter>
    </ClCompile>
    <ClCompile Include="source\window\window.cpp">
      <Filter>window</Filter>
    </ClCompile>
  </ItemGroup>
</Project>