<?xml version="1.0" encoding="utf-8"?>
<Project ToolsVersion="4.0" xmlns="http://schemas.microsoft.com/developer/msbuild/2003">
  <ItemGroup>
    <Filter Include="Entry Point">
      <UniqueIdentifier>{411E774A-ADD3-EF3F-36C8-E916A27CE643}</UniqueIdentifier>
    </Filter>
    <Filter Include="Precompiled">
      <UniqueIdentifier>{99BE8D1E-0574-0614-8E68-00EBFA1CFD17}</UniqueIdentifier>
    </Filter>
  </ItemGroup>
  <ItemGroup>
    <ClInclude Include="source\Precompiled\pch.h">
      <Filter>Precompiled</Filter>
    </ClInclude>
  </ItemGroup>
  <ItemGroup>
    <ClCompile Include="source\Entry Point\main.cpp">
      <Filter>Entry Point</Filter>
    </ClCompile>
    <ClCompile Include="source\Precompiled\pch.cpp">
      <Filter>Precompiled</Filter>
    </ClCompile>
  </ItemGroup>
</Project>