<?xml version="1.0" encoding="utf-8"?>
<Project ToolsVersion="4.0" xmlns="http://schemas.microsoft.com/developer/msbuild/2003">
  <ItemGroup>
    <Filter Include="assets">
      <UniqueIdentifier>{583885F2-44DA-AFC8-2D95-C31C19D63619}</UniqueIdentifier>
    </Filter>
    <Filter Include="assets\shaders">
      <UniqueIdentifier>{51CD2FD9-3D9B-23DF-262F-9405129CFF43}</UniqueIdentifier>
    </Filter>
    <Filter Include="source">
      <UniqueIdentifier>{76FF3A1C-62A1-65F2-4B5C-7946379DEC42}</UniqueIdentifier>
    </Filter>
    <Filter Include="source\core">
      <UniqueIdentifier>{AEC9BDBA-1A7F-36B0-A373-30870F282DB4}</UniqueIdentifier>
    </Filter>
    <Filter Include="source\logger">
      <UniqueIdentifier>{A5684F76-1129-CBAC-DA63-142A46E30F89}</UniqueIdentifier>
    </Filter>
    <Filter Include="source\renderer">
      <UniqueIdentifier>{FCA3AEDF-682F-1CA4-7140-9F98DD4A78A4}</UniqueIdentifier>
    </Filter>
    <Filter Include="source\utilities">
      <UniqueIdentifier>{818FE39C-6D88-02EF-96BA-E7738212E2FA}</UniqueIdentifier>
    </Filter>
    <Filter Include="source\window">
      <UniqueIdentifier>{BD5F8F8F-2920-0BC6-F25A-54435EDA4FA2}</UniqueIdentifier>
    </Filter>
  </ItemGroup>
  <ItemGroup>
    <ClInclude Include="source\logger\logger.hpp">
      <Filter>source\logger</Filter>
    </ClInclude>
    <ClInclude Include="source\pch.hpp">
      <Filter>source</Filter>
    </ClInclude>
    <ClInclude Include="source\renderer\vulkan_renderer.hpp">
      <Filter>source\renderer</Filter>
    </ClInclude>
    <ClInclude Include="source\utilities\clock.hpp">
      <Filter>source\utilities</Filter>
    </ClInclude>
    <ClInclude Include="source\utilities\file_io.hpp">
      <Filter>source\utilities</Filter>
    </ClInclude>
    <ClInclude Include="source\window\window.hpp">
      <Filter>source\window</Filter>
    </ClInclude>
  </ItemGroup>
  <ItemGroup>
    <ClCompile Include="source\core\main.cpp">
      <Filter>source\core</Filter>
    </ClCompile>
    <ClCompile Include="source\logger\logger.cpp">
      <Filter>source\logger</Filter>
    </ClCompile>
    <ClCompile Include="source\pch.cpp">
      <Filter>source</Filter>
    </ClCompile>
    <ClCompile Include="source\renderer\vulkan_renderer.cpp">
      <Filter>source\renderer</Filter>
    </ClCompile>
    <ClCompile Include="source\utilities\clock.cpp">
      <Filter>source\utilities</Filter>
    </ClCompile>
    <ClCompile Include="source\utilities\file_io.cpp">
      <Filter>source\utilities</Filter>
    </ClCompile>
    <ClCompile Include="source\window\window.cpp">
      <Filter>source\window</Filter>
    </ClCompile>
  </ItemGroup>
  <ItemGroup>
    <None Include="assets\shaders\compile_shaders.bat">
      <Filter>assets\shaders</Filter>
    </None>
    <None Include="assets\shaders\frag.spv">
      <Filter>assets\shaders</Filter>
    </None>
    <None Include="assets\shaders\shader.frag">
      <Filter>assets\shaders</Filter>
    </None>
    <None Include="assets\shaders\shader.vert">
      <Filter>assets\shaders</Filter>
    </None>
    <None Include="assets\shaders\vert.spv">
      <Filter>assets\shaders</Filter>
    </None>
  </ItemGroup>
</Project>