<?xml version="1.0" encoding="utf-8"?>
<Project ToolsVersion="4.0" xmlns="http://schemas.microsoft.com/developer/msbuild/2003">
  <ItemGroup>
    <Filter Include="assets">
      <UniqueIdentifier>{583885F2-44DA-AFC8-2D95-C31C19D63619}</UniqueIdentifier>
    </Filter>
    <Filter Include="assets\shaders">
      <UniqueIdentifier>{51CD2FD9-3D9B-23DF-262F-9405129CFF43}</UniqueIdentifier>
    </Filter>
    <Filter Include="dep">
      <UniqueIdentifier>{BE69880B-2A73-887C-B3EE-9E7C1FF7937C}</UniqueIdentifier>
    </Filter>
    <Filter Include="dep\imgui">
      <UniqueIdentifier>{A84D78CB-14B8-2C42-5DF6-DDE7C99F0A97}</UniqueIdentifier>
    </Filter>
    <Filter Include="dep\imgui\source">
      <UniqueIdentifier>{C8820043-B47B-1F95-DDAD-041AC905FFA0}</UniqueIdentifier>
    </Filter>
    <Filter Include="source">
      <UniqueIdentifier>{76FF3A1C-62A1-65F2-4B5C-7946379DEC42}</UniqueIdentifier>
    </Filter>
    <Filter Include="source\assetmanager">
      <UniqueIdentifier>{0078447F-6CD9-218D-F546-683F61A7584C}</UniqueIdentifier>
    </Filter>
    <Filter Include="source\camera">
      <UniqueIdentifier>{4EE75660-BAA7-D296-83E2-1B14EF611773}</UniqueIdentifier>
    </Filter>
    <Filter Include="source\core">
      <UniqueIdentifier>{AEC9BDBA-1A7F-36B0-A373-30870F282DB4}</UniqueIdentifier>
    </Filter>
    <Filter Include="source\ecs">
      <UniqueIdentifier>{204B15B8-0C03-5705-750A-306161E1F1F5}</UniqueIdentifier>
    </Filter>
    <Filter Include="source\ecs\components">
      <UniqueIdentifier>{55203BAA-C18C-F6A4-8A80-8E02F6AB180D}</UniqueIdentifier>
    </Filter>
    <Filter Include="source\editor">
      <UniqueIdentifier>{0C903565-7850-B19B-418B-FA18AD0AF677}</UniqueIdentifier>
    </Filter>
    <Filter Include="source\editor\hierarchy">
      <UniqueIdentifier>{BA7B02F9-26B3-4A90-2FBD-AEB39B737189}</UniqueIdentifier>
    </Filter>
    <Filter Include="source\input">
      <UniqueIdentifier>{1500E312-0163-72B7-AAE8-AA6D962A3E3A}</UniqueIdentifier>
    </Filter>
    <Filter Include="source\logger">
      <UniqueIdentifier>{A5684F76-1129-CBAC-DA63-142A46E30F89}</UniqueIdentifier>
    </Filter>
    <Filter Include="source\mono">
      <UniqueIdentifier>{FE44C3BA-6AFA-3BB0-F3EE-35875FA332B4}</UniqueIdentifier>
    </Filter>
    <Filter Include="source\precompiled">
      <UniqueIdentifier>{19A4E85E-0588-A9B4-6EE8-A3075AEB9336}</UniqueIdentifier>
    </Filter>
    <Filter Include="source\scene">
      <UniqueIdentifier>{33BD9113-1F20-21B8-C8A5-596EB4E7EC3A}</UniqueIdentifier>
    </Filter>
    <Filter Include="source\serialization">
      <UniqueIdentifier>{A35E59CC-8FED-E295-380C-F790247AF33B}</UniqueIdentifier>
    </Filter>
    <Filter Include="source\utilities">
      <UniqueIdentifier>{818FE39C-6D88-02EF-96BA-E7738212E2FA}</UniqueIdentifier>
    </Filter>
    <Filter Include="source\vulkan">
      <UniqueIdentifier>{5660128E-C220-8EC4-8B5B-D741F7DAD2A0}</UniqueIdentifier>
    </Filter>
    <Filter Include="source\vulkan\data_types">
      <UniqueIdentifier>{D3749B65-BF99-EAE5-E8E4-CF75D468E903}</UniqueIdentifier>
    </Filter>
    <Filter Include="source\vulkan\systems">
      <UniqueIdentifier>{7D446263-E9B0-1D5E-B2A4-B5BB1ED03FC6}</UniqueIdentifier>
    </Filter>
    <Filter Include="source\window">
      <UniqueIdentifier>{BD5F8F8F-2920-0BC6-F25A-54435EDA4FA2}</UniqueIdentifier>
    </Filter>
  </ItemGroup>
  <ItemGroup>
    <ClInclude Include="source\assetmanager\asset_manager.hpp">
      <Filter>source\assetmanager</Filter>
    </ClInclude>
    <ClInclude Include="source\camera\camera.hpp">
      <Filter>source\camera</Filter>
    </ClInclude>
    <ClInclude Include="source\camera\camera_handler.hpp">
      <Filter>source\camera</Filter>
    </ClInclude>
    <ClInclude Include="source\camera\camera_system.hpp">
      <Filter>source\camera</Filter>
    </ClInclude>
    <ClInclude Include="source\core\core.hpp">
      <Filter>source\core</Filter>
    </ClInclude>
    <ClInclude Include="source\core\engine.hpp">
      <Filter>source\core</Filter>
    </ClInclude>
    <ClInclude Include="source\core\main.hpp">
      <Filter>source\core</Filter>
    </ClInclude>
    <ClInclude Include="source\ecs\components\component_list.hpp">
      <Filter>source\ecs\components</Filter>
    </ClInclude>
    <ClInclude Include="source\ecs\components\entity_component.hpp">
      <Filter>source\ecs\components</Filter>
    </ClInclude>
    <ClInclude Include="source\ecs\components\mesh_component.hpp">
      <Filter>source\ecs\components</Filter>
    </ClInclude>
    <ClInclude Include="source\ecs\components\transform_component.hpp">
      <Filter>source\ecs\components</Filter>
    </ClInclude>
    <ClInclude Include="source\ecs\ecs.hpp">
      <Filter>source\ecs</Filter>
    </ClInclude>
    <ClInclude Include="source\editor\editor.hpp">
      <Filter>source\editor</Filter>
    </ClInclude>
    <ClInclude Include="source\editor\hierarchy\hierarchy_system.hpp">
      <Filter>source\editor\hierarchy</Filter>
    </ClInclude>
    <ClInclude Include="source\input\input_handler.hpp">
      <Filter>source\input</Filter>
    </ClInclude>
    <ClInclude Include="source\input\input_system.hpp">
      <Filter>source\input</Filter>
    </ClInclude>
    <ClInclude Include="source\logger\logger.hpp">
      <Filter>source\logger</Filter>
    </ClInclude>
    <ClInclude Include="source\mono\mono_handler.hpp">
      <Filter>source\mono</Filter>
    </ClInclude>
    <ClInclude Include="source\mono\mono_system.hpp">
      <Filter>source\mono</Filter>
    </ClInclude>
    <ClInclude Include="source\precompiled\pch.hpp">
      <Filter>source\precompiled</Filter>
    </ClInclude>
    <ClInclude Include="source\scene\scene.hpp">
      <Filter>source\scene</Filter>
    </ClInclude>
    <ClInclude Include="source\scene\scene_manager.hpp">
      <Filter>source\scene</Filter>
    </ClInclude>
    <ClInclude Include="source\serialization\serialization.hpp">
      <Filter>source\serialization</Filter>
    </ClInclude>
    <ClInclude Include="source\utilities\clock.hpp">
      <Filter>source\utilities</Filter>
    </ClInclude>
    <ClInclude Include="source\utilities\file_parser.hpp">
      <Filter>source\utilities</Filter>
    </ClInclude>
    <ClInclude Include="source\utilities\type_id.hpp">
      <Filter>source\utilities</Filter>
    </ClInclude>
    <ClInclude Include="source\utilities\utilities.hpp">
      <Filter>source\utilities</Filter>
    </ClInclude>
    <ClInclude Include="source\vulkan\data_types\attribute_descriptions.hpp">
      <Filter>source\vulkan\data_types</Filter>
    </ClInclude>
    <ClInclude Include="source\vulkan\data_types\binding_descriptions.hpp">
      <Filter>source\vulkan\data_types</Filter>
    </ClInclude>
    <ClInclude Include="source\vulkan\data_types\binding_ids.hpp">
      <Filter>source\vulkan\data_types</Filter>
    </ClInclude>
    <ClInclude Include="source\vulkan\data_types\instance_buffer.hpp">
      <Filter>source\vulkan\data_types</Filter>
    </ClInclude>
    <ClInclude Include="source\vulkan\data_types\mesh.hpp">
      <Filter>source\vulkan\data_types</Filter>
    </ClInclude>
    <ClInclude Include="source\vulkan\data_types\mesh_instance.hpp">
      <Filter>source\vulkan\data_types</Filter>
    </ClInclude>
    <ClInclude Include="source\vulkan\data_types\pipeline.hpp">
      <Filter>source\vulkan\data_types</Filter>
    </ClInclude>
    <ClInclude Include="source\vulkan\data_types\presentation_mode.hpp">
      <Filter>source\vulkan\data_types</Filter>
    </ClInclude>
    <ClInclude Include="source\vulkan\data_types\push_constant_object.hpp">
      <Filter>source\vulkan\data_types</Filter>
    </ClInclude>
    <ClInclude Include="source\vulkan\data_types\queue_families.hpp">
      <Filter>source\vulkan\data_types</Filter>
    </ClInclude>
    <ClInclude Include="source\vulkan\data_types\swapchain.hpp">
      <Filter>source\vulkan\data_types</Filter>
    </ClInclude>
    <ClInclude Include="source\vulkan\data_types\texture.hpp">
      <Filter>source\vulkan\data_types</Filter>
    </ClInclude>
    <ClInclude Include="source\vulkan\data_types\texture_data.hpp">
      <Filter>source\vulkan\data_types</Filter>
    </ClInclude>
    <ClInclude Include="source\vulkan\data_types\uniform_buffer_object.hpp">
      <Filter>source\vulkan\data_types</Filter>
    </ClInclude>
    <ClInclude Include="source\vulkan\data_types\vertex.hpp">
      <Filter>source\vulkan\data_types</Filter>
    </ClInclude>
    <ClInclude Include="source\vulkan\data_types\vma_buffer.hpp">
      <Filter>source\vulkan\data_types</Filter>
    </ClInclude>
    <ClInclude Include="source\vulkan\data_types\vma_image.hpp">
      <Filter>source\vulkan\data_types</Filter>
    </ClInclude>
    <ClInclude Include="source\vulkan\renderer.hpp">
      <Filter>source\vulkan</Filter>
    </ClInclude>
    <ClInclude Include="source\vulkan\systems\instance_update_system.hpp">
      <Filter>source\vulkan\systems</Filter>
    </ClInclude>
    <ClInclude Include="source\window\window.hpp">
      <Filter>source\window</Filter>
    </ClInclude>
  </ItemGroup>
  <ItemGroup>
    <ClCompile Include="dep\imgui\source\imgui.cpp">
      <Filter>dep\imgui\source</Filter>
    </ClCompile>
    <ClCompile Include="dep\imgui\source\imgui_demo.cpp">
      <Filter>dep\imgui\source</Filter>
    </ClCompile>
    <ClCompile Include="dep\imgui\source\imgui_draw.cpp">
      <Filter>dep\imgui\source</Filter>
    </ClCompile>
    <ClCompile Include="dep\imgui\source\imgui_impl_glfw.cpp">
      <Filter>dep\imgui\source</Filter>
    </ClCompile>
    <ClCompile Include="dep\imgui\source\imgui_impl_vulkan.cpp">
      <Filter>dep\imgui\source</Filter>
    </ClCompile>
    <ClCompile Include="dep\imgui\source\imgui_tables.cpp">
      <Filter>dep\imgui\source</Filter>
    </ClCompile>
    <ClCompile Include="dep\imgui\source\imgui_widgets.cpp">
      <Filter>dep\imgui\source</Filter>
    </ClCompile>
    <ClCompile Include="source\assetmanager\asset_manager.cpp">
      <Filter>source\assetmanager</Filter>
    </ClCompile>
    <ClCompile Include="source\camera\camera_handler.cpp">
      <Filter>source\camera</Filter>
    </ClCompile>
    <ClCompile Include="source\camera\camera_system.cpp">
      <Filter>source\camera</Filter>
    </ClCompile>
    <ClCompile Include="source\core\engine.cpp">
      <Filter>source\core</Filter>
    </ClCompile>
    <ClCompile Include="source\core\main.cpp">
      <Filter>source\core</Filter>
    </ClCompile>
    <ClCompile Include="source\ecs\components\reflection.cpp">
      <Filter>source\ecs\components</Filter>
    </ClCompile>
    <ClCompile Include="source\ecs\ecs.cpp">
      <Filter>source\ecs</Filter>
    </ClCompile>
    <ClCompile Include="source\editor\editor.cpp">
      <Filter>source\editor</Filter>
    </ClCompile>
    <ClCompile Include="source\editor\hierarchy\hierarchy_system.cpp">
      <Filter>source\editor\hierarchy</Filter>
    </ClCompile>
    <ClCompile Include="source\input\input_handler.cpp">
      <Filter>source\input</Filter>
    </ClCompile>
    <ClCompile Include="source\input\input_system.cpp">
      <Filter>source\input</Filter>
    </ClCompile>
    <ClCompile Include="source\logger\logger.cpp">
      <Filter>source\logger</Filter>
    </ClCompile>
    <ClCompile Include="source\mono\mono_handler.cpp">
      <Filter>source\mono</Filter>
    </ClCompile>
    <ClCompile Include="source\mono\mono_system.cpp">
      <Filter>source\mono</Filter>
    </ClCompile>
    <ClCompile Include="source\precompiled\pch.cpp">
      <Filter>source\precompiled</Filter>
    </ClCompile>
    <ClCompile Include="source\scene\scene.cpp">
      <Filter>source\scene</Filter>
    </ClCompile>
    <ClCompile Include="source\scene\scene_manager.cpp">
      <Filter>source\scene</Filter>
    </ClCompile>
    <ClCompile Include="source\utilities\clock.cpp">
      <Filter>source\utilities</Filter>
    </ClCompile>
    <ClCompile Include="source\utilities\file_parser.cpp">
      <Filter>source\utilities</Filter>
    </ClCompile>
    <ClCompile Include="source\utilities\utilities.cpp">
      <Filter>source\utilities</Filter>
    </ClCompile>
    <ClCompile Include="source\vulkan\data_types\attribute_descriptions.cpp">
      <Filter>source\vulkan\data_types</Filter>
    </ClCompile>
    <ClCompile Include="source\vulkan\data_types\binding_descriptions.cpp">
      <Filter>source\vulkan\data_types</Filter>
    </ClCompile>
    <ClCompile Include="source\vulkan\data_types\pipeline.cpp">
      <Filter>source\vulkan\data_types</Filter>
    </ClCompile>
    <ClCompile Include="source\vulkan\renderer.cpp">
      <Filter>source\vulkan</Filter>
    </ClCompile>
    <ClCompile Include="source\vulkan\systems\instance_update_system.cpp">
      <Filter>source\vulkan\systems</Filter>
    </ClCompile>
    <ClCompile Include="source\window\window.cpp">
      <Filter>source\window</Filter>
    </ClCompile>
    <ClCompile Include="source\serialization\serialization.cpp" />
  </ItemGroup>
  <ItemGroup>
    <None Include="assets\shaders\frag.spv">
      <Filter>assets\shaders</Filter>
    </None>
    <None Include="assets\shaders\shader.frag">
      <Filter>assets\shaders</Filter>
    </None>
    <None Include="assets\shaders\shader.vert">
      <Filter>assets\shaders</Filter>
    </None>
    <None Include="assets\shaders\vert.spv">
      <Filter>assets\shaders</Filter>
    </None>
  </ItemGroup>
</Project>