<?xml version="1.0" encoding="utf-8"?>
<Project ToolsVersion="4.0" xmlns="http://schemas.microsoft.com/developer/msbuild/2003">
  <ItemGroup>
    <Filter Include="assets">
      <UniqueIdentifier>{583885F2-44DA-AFC8-2D95-C31C19D63619}</UniqueIdentifier>
    </Filter>
    <Filter Include="assets\shaders">
      <UniqueIdentifier>{51CD2FD9-3D9B-23DF-262F-9405129CFF43}</UniqueIdentifier>
    </Filter>
    <Filter Include="source">
      <UniqueIdentifier>{76FF3A1C-62A1-65F2-4B5C-7946379DEC42}</UniqueIdentifier>
    </Filter>
    <Filter Include="source\core">
      <UniqueIdentifier>{AEC9BDBA-1A7F-36B0-A373-30870F282DB4}</UniqueIdentifier>
    </Filter>
    <Filter Include="source\core\data_structure">
      <UniqueIdentifier>{8773DAA1-7383-8672-DC3C-EB90C86B750B}</UniqueIdentifier>
    </Filter>
    <Filter Include="source\core\engine">
      <UniqueIdentifier>{93588BFE-7F3C-4C54-E89C-46A7D49F36D6}</UniqueIdentifier>
    </Filter>
    <Filter Include="source\core\main">
      <UniqueIdentifier>{02F6346F-EEEE-53C1-1721-3946037933CD}</UniqueIdentifier>
    </Filter>
    <Filter Include="source\logger">
      <UniqueIdentifier>{A5684F76-1129-CBAC-DA63-142A46E30F89}</UniqueIdentifier>
    </Filter>
    <Filter Include="source\precompiled">
      <UniqueIdentifier>{19A4E85E-0588-A9B4-6EE8-A3075AEB9336}</UniqueIdentifier>
    </Filter>
    <Filter Include="source\utilities">
      <UniqueIdentifier>{818FE39C-6D88-02EF-96BA-E7738212E2FA}</UniqueIdentifier>
    </Filter>
    <Filter Include="source\utilities\clock">
      <UniqueIdentifier>{FC790A82-E873-33D4-D1E0-C9E4BD799940}</UniqueIdentifier>
    </Filter>
    <Filter Include="source\utilities\file_parser">
      <UniqueIdentifier>{3C7A3CDE-2835-2C8A-D1EC-A4D4BD86761A}</UniqueIdentifier>
    </Filter>
    <Filter Include="source\vulkan">
      <UniqueIdentifier>{5660128E-C220-8EC4-8B5B-D741F7DAD2A0}</UniqueIdentifier>
    </Filter>
    <Filter Include="source\vulkan\queue_families">
      <UniqueIdentifier>{B31C7A50-9FD7-69FC-488F-E2463429B48C}</UniqueIdentifier>
    </Filter>
    <Filter Include="source\vulkan\renderer">
      <UniqueIdentifier>{DC0011D3-C8FA-3925-B167-D0359D00A091}</UniqueIdentifier>
    </Filter>
    <Filter Include="source\vulkan\swapchain">
      <UniqueIdentifier>{63986D79-CFCF-B510-D8D9-19344490DC09}</UniqueIdentifier>
    </Filter>
    <Filter Include="source\vulkan\uniform_buffer_object">
      <UniqueIdentifier>{947A69B1-0034-D45B-8993-EE35F54B8ACB}</UniqueIdentifier>
    </Filter>
    <Filter Include="source\vulkan\vertex">
      <UniqueIdentifier>{43EE5910-2F7D-E3D9-D89B-F7D4C409F47F}</UniqueIdentifier>
    </Filter>
    <Filter Include="source\window">
      <UniqueIdentifier>{BD5F8F8F-2920-0BC6-F25A-54435EDA4FA2}</UniqueIdentifier>
    </Filter>
  </ItemGroup>
  <ItemGroup>
    <ClInclude Include="source\core\core.hpp">
      <Filter>source\core</Filter>
    </ClInclude>
    <ClInclude Include="source\core\data_structure\recyclable_sparse_set.hpp">
      <Filter>source\core\data_structure</Filter>
    </ClInclude>
    <ClInclude Include="source\core\engine\engine.hpp">
      <Filter>source\core\engine</Filter>
    </ClInclude>
    <ClInclude Include="source\core\main\main.hpp">
      <Filter>source\core\main</Filter>
    </ClInclude>
    <ClInclude Include="source\logger\logger.hpp">
      <Filter>source\logger</Filter>
    </ClInclude>
    <ClInclude Include="source\precompiled\pch.hpp">
      <Filter>source\precompiled</Filter>
    </ClInclude>
    <ClInclude Include="source\utilities\clock\clock.hpp">
      <Filter>source\utilities\clock</Filter>
    </ClInclude>
    <ClInclude Include="source\utilities\file_parser\file_parser.hpp">
      <Filter>source\utilities\file_parser</Filter>
    </ClInclude>
    <ClInclude Include="source\utilities\utilities.hpp">
      <Filter>source\utilities</Filter>
    </ClInclude>
    <ClInclude Include="source\vulkan\queue_families\queue_families.hpp">
      <Filter>source\vulkan\queue_families</Filter>
    </ClInclude>
    <ClInclude Include="source\vulkan\renderer\renderer.hpp">
      <Filter>source\vulkan\renderer</Filter>
    </ClInclude>
    <ClInclude Include="source\vulkan\swapchain\swapchain.hpp">
      <Filter>source\vulkan\swapchain</Filter>
    </ClInclude>
    <ClInclude Include="source\vulkan\uniform_buffer_object\uniform_buffer_object.hpp">
      <Filter>source\vulkan\uniform_buffer_object</Filter>
    </ClInclude>
    <ClInclude Include="source\vulkan\vertex\vertex.hpp">
      <Filter>source\vulkan\vertex</Filter>
    </ClInclude>
    <ClInclude Include="source\window\window.hpp">
      <Filter>source\window</Filter>
    </ClInclude>
  </ItemGroup>
  <ItemGroup>
    <ClCompile Include="source\core\engine\engine.cpp">
      <Filter>source\core\engine</Filter>
    </ClCompile>
    <ClCompile Include="source\core\main\main.cpp">
      <Filter>source\core\main</Filter>
    </ClCompile>
    <ClCompile Include="source\logger\logger.cpp">
      <Filter>source\logger</Filter>
    </ClCompile>
    <ClCompile Include="source\precompiled\pch.cpp">
      <Filter>source\precompiled</Filter>
    </ClCompile>
    <ClCompile Include="source\utilities\clock\clock.cpp">
      <Filter>source\utilities\clock</Filter>
    </ClCompile>
    <ClCompile Include="source\utilities\file_parser\file_parser.cpp">
      <Filter>source\utilities\file_parser</Filter>
    </ClCompile>
    <ClCompile Include="source\vulkan\renderer\renderer.cpp">
      <Filter>source\vulkan\renderer</Filter>
    </ClCompile>
    <ClCompile Include="source\vulkan\vertex\vertex.cpp">
      <Filter>source\vulkan\vertex</Filter>
    </ClCompile>
    <ClCompile Include="source\window\window.cpp">
      <Filter>source\window</Filter>
    </ClCompile>
  </ItemGroup>
  <ItemGroup>
    <None Include="assets\shaders\frag.spv">
      <Filter>assets\shaders</Filter>
    </None>
    <None Include="assets\shaders\shader.frag">
      <Filter>assets\shaders</Filter>
    </None>
    <None Include="assets\shaders\shader.vert">
      <Filter>assets\shaders</Filter>
    </None>
    <None Include="assets\shaders\vert.spv">
      <Filter>assets\shaders</Filter>
    </None>
  </ItemGroup>
</Project>